
Microsoft Visual Studio Solution File, Format Version 12.00
# Visual Studio Version 16
VisualStudioVersion = 16.0.31605.320
MinimumVisualStudioVersion = 10.0.40219.1
Project("{FAE04EC0-301F-11D3-BF4B-00C04F79EFBC}") = "XInputVisualizer", "XInputVisualizer.csproj", "{CFA20525-E48C-46CB-B5A5-3D8A9C5772B8}"
EndProject
Global
	GlobalSection(SolutionConfigurationPlatforms) = preSolution
		Debug|Any CPU = Debug|Any CPU
		Release|Any CPU = Release|Any CPU
	EndGlobalSection
	GlobalSection(ProjectConfigurationPlatforms) = postSolution
		{CFA20525-E48C-46CB-B5A5-3D8A9C5772B8}.Debug|Any CPU.ActiveCfg = Debug|Any CPU
		{CFA20525-E48C-46CB-B5A5-3D8A9C5772B8}.Debug|Any CPU.Build.0 = Debug|Any CPU
		{CFA20525-E48C-46CB-B5A5-3D8A9C5772B8}.Release|Any CPU.ActiveCfg = Release|Any CPU
		{CFA20525-E48C-46CB-B5A5-3D8A9C5772B8}.Release|Any CPU.Build.0 = Release|Any CPU
	EndGlobalSection
	GlobalSection(SolutionProperties) = preSolution
		HideSolutionNode = FALSE
	EndGlobalSection
	GlobalSection(ExtensibilityGlobals) = postSolution
		SolutionGuid = {7B961451-9DDA-4B6D-9DB8-BD090EA579A5}
	EndGlobalSection
EndGlobal
